
Microsoft Visual Studio Solution File, Format Version 12.00
# Visual Studio 15
VisualStudioVersion = 15.0.26124.0
MinimumVisualStudioVersion = 15.0.26124.0
Project("{FAE04EC0-301F-11D3-BF4B-00C04F79EFBC}") = "ProAgil.WebAPI", "ProAgil.WebAPI\ProAgil.WebAPI.csproj", "{6EADF2B7-5C99-4274-8C46-8F6C0C76B97B}"
EndProject
Project("{FAE04EC0-301F-11D3-BF4B-00C04F79EFBC}") = "ProAgil.Repository", "ProAgil.Repository\ProAgil.Repository.csproj", "{B3AF88F3-5BC7-4FB7-8387-B3EEF4ED0EA2}"
EndProject
Project("{FAE04EC0-301F-11D3-BF4B-00C04F79EFBC}") = "ProAgil.Domain", "ProAgil.Domain\ProAgil.Domain.csproj", "{761821D4-FC24-4B16-8923-C104A5D9D78E}"
EndProject
Global
	GlobalSection(SolutionConfigurationPlatforms) = preSolution
		Debug|Any CPU = Debug|Any CPU
		Debug|x64 = Debug|x64
		Debug|x86 = Debug|x86
		Release|Any CPU = Release|Any CPU
		Release|x64 = Release|x64
		Release|x86 = Release|x86
	EndGlobalSection
	GlobalSection(SolutionProperties) = preSolution
		HideSolutionNode = FALSE
	EndGlobalSection
	GlobalSection(ProjectConfigurationPlatforms) = postSolution
		{6EADF2B7-5C99-4274-8C46-8F6C0C76B97B}.Debug|Any CPU.ActiveCfg = Debug|Any CPU
		{6EADF2B7-5C99-4274-8C46-8F6C0C76B97B}.Debug|Any CPU.Build.0 = Debug|Any CPU
		{6EADF2B7-5C99-4274-8C46-8F6C0C76B97B}.Debug|x64.ActiveCfg = Debug|Any CPU
		{6EADF2B7-5C99-4274-8C46-8F6C0C76B97B}.Debug|x64.Build.0 = Debug|Any CPU
		{6EADF2B7-5C99-4274-8C46-8F6C0C76B97B}.Debug|x86.ActiveCfg = Debug|Any CPU
		{6EADF2B7-5C99-4274-8C46-8F6C0C76B97B}.Debug|x86.Build.0 = Debug|Any CPU
		{6EADF2B7-5C99-4274-8C46-8F6C0C76B97B}.Release|Any CPU.ActiveCfg = Release|Any CPU
		{6EADF2B7-5C99-4274-8C46-8F6C0C76B97B}.Release|Any CPU.Build.0 = Release|Any CPU
		{6EADF2B7-5C99-4274-8C46-8F6C0C76B97B}.Release|x64.ActiveCfg = Release|Any CPU
		{6EADF2B7-5C99-4274-8C46-8F6C0C76B97B}.Release|x64.Build.0 = Release|Any CPU
		{6EADF2B7-5C99-4274-8C46-8F6C0C76B97B}.Release|x86.ActiveCfg = Release|Any CPU
		{6EADF2B7-5C99-4274-8C46-8F6C0C76B97B}.Release|x86.Build.0 = Release|Any CPU
		{B3AF88F3-5BC7-4FB7-8387-B3EEF4ED0EA2}.Debug|Any CPU.ActiveCfg = Debug|Any CPU
		{B3AF88F3-5BC7-4FB7-8387-B3EEF4ED0EA2}.Debug|Any CPU.Build.0 = Debug|Any CPU
		{B3AF88F3-5BC7-4FB7-8387-B3EEF4ED0EA2}.Debug|x64.ActiveCfg = Debug|Any CPU
		{B3AF88F3-5BC7-4FB7-8387-B3EEF4ED0EA2}.Debug|x64.Build.0 = Debug|Any CPU
		{B3AF88F3-5BC7-4FB7-8387-B3EEF4ED0EA2}.Debug|x86.ActiveCfg = Debug|Any CPU
		{B3AF88F3-5BC7-4FB7-8387-B3EEF4ED0EA2}.Debug|x86.Build.0 = Debug|Any CPU
		{B3AF88F3-5BC7-4FB7-8387-B3EEF4ED0EA2}.Release|Any CPU.ActiveCfg = Release|Any CPU
		{B3AF88F3-5BC7-4FB7-8387-B3EEF4ED0EA2}.Release|Any CPU.Build.0 = Release|Any CPU
		{B3AF88F3-5BC7-4FB7-8387-B3EEF4ED0EA2}.Release|x64.ActiveCfg = Release|Any CPU
		{B3AF88F3-5BC7-4FB7-8387-B3EEF4ED0EA2}.Release|x64.Build.0 = Release|Any CPU
		{B3AF88F3-5BC7-4FB7-8387-B3EEF4ED0EA2}.Release|x86.ActiveCfg = Release|Any CPU
		{B3AF88F3-5BC7-4FB7-8387-B3EEF4ED0EA2}.Release|x86.Build.0 = Release|Any CPU
		{761821D4-FC24-4B16-8923-C104A5D9D78E}.Debug|Any CPU.ActiveCfg = Debug|Any CPU
		{761821D4-FC24-4B16-8923-C104A5D9D78E}.Debug|Any CPU.Build.0 = Debug|Any CPU
		{761821D4-FC24-4B16-8923-C104A5D9D78E}.Debug|x64.ActiveCfg = Debug|Any CPU
		{761821D4-FC24-4B16-8923-C104A5D9D78E}.Debug|x64.Build.0 = Debug|Any CPU
		{761821D4-FC24-4B16-8923-C104A5D9D78E}.Debug|x86.ActiveCfg = Debug|Any CPU
		{761821D4-FC24-4B16-8923-C104A5D9D78E}.Debug|x86.Build.0 = Debug|Any CPU
		{761821D4-FC24-4B16-8923-C104A5D9D78E}.Release|Any CPU.ActiveCfg = Release|Any CPU
		{761821D4-FC24-4B16-8923-C104A5D9D78E}.Release|Any CPU.Build.0 = Release|Any CPU
		{761821D4-FC24-4B16-8923-C104A5D9D78E}.Release|x64.ActiveCfg = Release|Any CPU
		{761821D4-FC24-4B16-8923-C104A5D9D78E}.Release|x64.Build.0 = Release|Any CPU
		{761821D4-FC24-4B16-8923-C104A5D9D78E}.Release|x86.ActiveCfg = Release|Any CPU
		{761821D4-FC24-4B16-8923-C104A5D9D78E}.Release|x86.Build.0 = Release|Any CPU
	EndGlobalSection
EndGlobal
